// !$*UTF8*$!
{
	archiveVersion = 1;
	classes = {
	};
	objectVersion = 50;
	objects = {

/* Begin PBXBuildFile section */
		D2E2F63C211C1801000A244C /* StaticLink.c in Sources */ = {isa = PBXBuildFile; fileRef = D2E2F63B211C1801000A244C /* StaticLink.c */; };
		D2E2F63F211D72FE000A244C /* Joseph.c in Sources */ = {isa = PBXBuildFile; fileRef = D2E2F63E211D72FE000A244C /* Joseph.c */; };
		D2E2F645211D8F10000A244C /* DoublyLinkedList.c in Sources */ = {isa = PBXBuildFile; fileRef = D2E2F644211D8F10000A244C /* DoublyLinkedList.c */; };
		D2E2F648212120E8000A244C /* Stack.c in Sources */ = {isa = PBXBuildFile; fileRef = D2E2F647212120E8000A244C /* Stack.c */; };
		D2E2F64B212125A2000A244C /* LineStack.c in Sources */ = {isa = PBXBuildFile; fileRef = D2E2F64A212125A2000A244C /* LineStack.c */; };
		D2E66848211BDC92007C13B9 /* main.c in Sources */ = {isa = PBXBuildFile; fileRef = D2E66847211BDC92007C13B9 /* main.c */; };
		D2E66850211BDCD2007C13B9 /* Table.c in Sources */ = {isa = PBXBuildFile; fileRef = D2E6684F211BDCD2007C13B9 /* Table.c */; };
		D2E66853211BE0DF007C13B9 /* Link.c in Sources */ = {isa = PBXBuildFile; fileRef = D2E66852211BE0DF007C13B9 /* Link.c */; };
/* End PBXBuildFile section */

/* Begin PBXCopyFilesBuildPhase section */
		D2E66842211BDC92007C13B9 /* CopyFiles */ = {
			isa = PBXCopyFilesBuildPhase;
			buildActionMask = 2147483647;
			dstPath = /usr/share/man/man1/;
			dstSubfolderSpec = 0;
			files = (
			);
			runOnlyForDeploymentPostprocessing = 1;
		};
/* End PBXCopyFilesBuildPhase section */

/* Begin PBXFileReference section */
		D2E2F63A211C1801000A244C /* StaticLink.h */ = {isa = PBXFileReference; lastKnownFileType = sourcecode.c.h; path = StaticLink.h; sourceTree = "<group>"; };
		D2E2F63B211C1801000A244C /* StaticLink.c */ = {isa = PBXFileReference; lastKnownFileType = sourcecode.c.c; path = StaticLink.c; sourceTree = "<group>"; };
		D2E2F63D211D72FE000A244C /* Joseph.h */ = {isa = PBXFileReference; lastKnownFileType = sourcecode.c.h; path = Joseph.h; sourceTree = "<group>"; };
		D2E2F63E211D72FE000A244C /* Joseph.c */ = {isa = PBXFileReference; lastKnownFileType = sourcecode.c.c; path = Joseph.c; sourceTree = "<group>"; };
		D2E2F643211D8F10000A244C /* DoublyLinkedList.h */ = {isa = PBXFileReference; lastKnownFileType = sourcecode.c.h; path = DoublyLinkedList.h; sourceTree = "<group>"; };
		D2E2F644211D8F10000A244C /* DoublyLinkedList.c */ = {isa = PBXFileReference; lastKnownFileType = sourcecode.c.c; path = DoublyLinkedList.c; sourceTree = "<group>"; };
		D2E2F646212120E8000A244C /* Stack.h */ = {isa = PBXFileReference; lastKnownFileType = sourcecode.c.h; path = Stack.h; sourceTree = "<group>"; };
		D2E2F647212120E8000A244C /* Stack.c */ = {isa = PBXFileReference; lastKnownFileType = sourcecode.c.c; path = Stack.c; sourceTree = "<group>"; };
		D2E2F649212125A2000A244C /* LineStack.h */ = {isa = PBXFileReference; lastKnownFileType = sourcecode.c.h; path = LineStack.h; sourceTree = "<group>"; };
		D2E2F64A212125A2000A244C /* LineStack.c */ = {isa = PBXFileReference; lastKnownFileType = sourcecode.c.c; path = LineStack.c; sourceTree = "<group>"; };
		D2E66844211BDC92007C13B9 /* DataStructure */ = {isa = PBXFileReference; explicitFileType = "compiled.mach-o.executable"; includeInIndex = 0; path = DataStructure; sourceTree = BUILT_PRODUCTS_DIR; };
		D2E66847211BDC92007C13B9 /* main.c */ = {isa = PBXFileReference; lastKnownFileType = sourcecode.c.c; path = main.c; sourceTree = "<group>"; };
		D2E6684E211BDCD2007C13B9 /* Table.h */ = {isa = PBXFileReference; fileEncoding = 4; lastKnownFileType = sourcecode.c.h; path = Table.h; sourceTree = "<group>"; };
		D2E6684F211BDCD2007C13B9 /* Table.c */ = {isa = PBXFileReference; fileEncoding = 4; lastKnownFileType = sourcecode.c.c; path = Table.c; sourceTree = "<group>"; };
		D2E66851211BE0DF007C13B9 /* Link.h */ = {isa = PBXFileReference; lastKnownFileType = sourcecode.c.h; path = Link.h; sourceTree = "<group>"; };
		D2E66852211BE0DF007C13B9 /* Link.c */ = {isa = PBXFileReference; lastKnownFileType = sourcecode.c.c; path = Link.c; sourceTree = "<group>"; };
/* End PBXFileReference section */

/* Begin PBXFrameworksBuildPhase section */
		D2E66841211BDC92007C13B9 /* Frameworks */ = {
			isa = PBXFrameworksBuildPhase;
			buildActionMask = 2147483647;
			files = (
			);
			runOnlyForDeploymentPostprocessing = 0;
		};
/* End PBXFrameworksBuildPhase section */

/* Begin PBXGroup section */
		D2E6683B211BDC92007C13B9 = {
			isa = PBXGroup;
			children = (
				D2E66846211BDC92007C13B9 /* DataStructure */,
				D2E66845211BDC92007C13B9 /* Products */,
			);
			sourceTree = "<group>";
		};
		D2E66845211BDC92007C13B9 /* Products */ = {
			isa = PBXGroup;
			children = (
				D2E66844211BDC92007C13B9 /* DataStructure */,
			);
			name = Products;
			sourceTree = "<group>";
		};
		D2E66846211BDC92007C13B9 /* DataStructure */ = {
			isa = PBXGroup;
			children = (
				D2E66847211BDC92007C13B9 /* main.c */,
				D2E6684E211BDCD2007C13B9 /* Table.h */,
				D2E6684F211BDCD2007C13B9 /* Table.c */,
				D2E66851211BE0DF007C13B9 /* Link.h */,
				D2E66852211BE0DF007C13B9 /* Link.c */,
				D2E2F63A211C1801000A244C /* StaticLink.h */,
				D2E2F63B211C1801000A244C /* StaticLink.c */,
				D2E2F63D211D72FE000A244C /* Joseph.h */,
				D2E2F63E211D72FE000A244C /* Joseph.c */,
				D2E2F643211D8F10000A244C /* DoublyLinkedList.h */,
				D2E2F644211D8F10000A244C /* DoublyLinkedList.c */,
				D2E2F646212120E8000A244C /* Stack.h */,
				D2E2F647212120E8000A244C /* Stack.c */,
				D2E2F649212125A2000A244C /* LineStack.h */,
				D2E2F64A212125A2000A244C /* LineStack.c */,
			);
			path = DataStructure;
			sourceTree = "<group>";
		};
/* End PBXGroup section */

/* Begin PBXNativeTarget section */
		D2E66843211BDC92007C13B9 /* DataStructure */ = {
			isa = PBXNativeTarget;
			buildConfigurationList = D2E6684B211BDC92007C13B9 /* Build configuration list for PBXNativeTarget "DataStructure" */;
			buildPhases = (
				D2E66840211BDC92007C13B9 /* Sources */,
				D2E66841211BDC92007C13B9 /* Frameworks */,
				D2E66842211BDC92007C13B9 /* CopyFiles */,
			);
			buildRules = (
			);
			dependencies = (
			);
			name = DataStructure;
			productName = DataStructure;
			productReference = D2E66844211BDC92007C13B9 /* DataStructure */;
			productType = "com.apple.product-type.tool";
		};
/* End PBXNativeTarget section */

/* Begin PBXProject section */
		D2E6683C211BDC92007C13B9 /* Project object */ = {
			isa = PBXProject;
			attributes = {
				LastUpgradeCheck = 0940;
				ORGANIZATIONNAME = zhengyong;
				TargetAttributes = {
					D2E66843211BDC92007C13B9 = {
						CreatedOnToolsVersion = 9.4;
					};
				};
			};
			buildConfigurationList = D2E6683F211BDC92007C13B9 /* Build configuration list for PBXProject "DataStructure" */;
			compatibilityVersion = "Xcode 9.3";
			developmentRegion = en;
			hasScannedForEncodings = 0;
			knownRegions = (
				en,
			);
			mainGroup = D2E6683B211BDC92007C13B9;
			productRefGroup = D2E66845211BDC92007C13B9 /* Products */;
			projectDirPath = "";
			projectRoot = "";
			targets = (
				D2E66843211BDC92007C13B9 /* DataStructure */,
			);
		};
/* End PBXProject section */

/* Begin PBXSourcesBuildPhase section */
		D2E66840211BDC92007C13B9 /* Sources */ = {
			isa = PBXSourcesBuildPhase;
			buildActionMask = 2147483647;
			files = (
				D2E2F63F211D72FE000A244C /* Joseph.c in Sources */,
				D2E66850211BDCD2007C13B9 /* Table.c in Sources */,
				D2E2F64B212125A2000A244C /* LineStack.c in Sources */,
				D2E66848211BDC92007C13B9 /* main.c in Sources */,
				D2E2F645211D8F10000A244C /* DoublyLinkedList.c in Sources */,
				D2E66853211BE0DF007C13B9 /* Link.c in Sources */,
				D2E2F63C211C1801000A244C /* StaticLink.c in Sources */,
				D2E2F648212120E8000A244C /* Stack.c in Sources */,
			);
			runOnlyForDeploymentPostprocessing = 0;
		};
/* End PBXSourcesBuildPhase section */

/* Begin XCBuildConfiguration section */
		D2E66849211BDC92007C13B9 /* Debug */ = {
			isa = XCBuildConfiguration;
			buildSettings = {
				ALWAYS_SEARCH_USER_PATHS = NO;
				CLANG_ANALYZER_NONNULL = YES;
				CLANG_ANALYZER_NUMBER_OBJECT_CONVERSION = YES_AGGRESSIVE;
				CLANG_CXX_LANGUAGE_STANDARD = "gnu++14";
				CLANG_CXX_LIBRARY = "libc++";
				CLANG_ENABLE_MODULES = YES;
				CLANG_ENABLE_OBJC_ARC = YES;
				CLANG_ENABLE_OBJC_WEAK = YES;
				CLANG_WARN_BLOCK_CAPTURE_AUTORELEASING = YES;
				CLANG_WARN_BOOL_CONVERSION = YES;
				CLANG_WARN_COMMA = YES;
				CLANG_WARN_CONSTANT_CONVERSION = YES;
				CLANG_WARN_DEPRECATED_OBJC_IMPLEMENTATIONS = YES;
				CLANG_WARN_DIRECT_OBJC_ISA_USAGE = YES_ERROR;
				CLANG_WARN_DOCUMENTATION_COMMENTS = YES;
				CLANG_WARN_EMPTY_BODY = YES;
				CLANG_WARN_ENUM_CONVERSION = YES;
				CLANG_WARN_INFINITE_RECURSION = YES;
				CLANG_WARN_INT_CONVERSION = YES;
				CLANG_WARN_NON_LITERAL_NULL_CONVERSION = YES;
				CLANG_WARN_OBJC_IMPLICIT_RETAIN_SELF = YES;
				CLANG_WARN_OBJC_LITERAL_CONVERSION = YES;
				CLANG_WARN_OBJC_ROOT_CLASS = YES_ERROR;
				CLANG_WARN_RANGE_LOOP_ANALYSIS = YES;
				CLANG_WARN_STRICT_PROTOTYPES = YES;
				CLANG_WARN_SUSPICIOUS_MOVE = YES;
				CLANG_WARN_UNGUARDED_AVAILABILITY = YES_AGGRESSIVE;
				CLANG_WARN_UNREACHABLE_CODE = YES;
				CLANG_WARN__DUPLICATE_METHOD_MATCH = YES;
				CODE_SIGN_IDENTITY = "-";
				COPY_PHASE_STRIP = NO;
				DEBUG_INFORMATION_FORMAT = dwarf;
				ENABLE_STRICT_OBJC_MSGSEND = YES;
				ENABLE_TESTABILITY = YES;
				GCC_C_LANGUAGE_STANDARD = gnu11;
				GCC_DYNAMIC_NO_PIC = NO;
				GCC_NO_COMMON_BLOCKS = YES;
				GCC_OPTIMIZATION_LEVEL = 0;
				GCC_PREPROCESSOR_DEFINITIONS = (
					"DEBUG=1",
					"$(inherited)",
				);
				GCC_WARN_64_TO_32_BIT_CONVERSION = YES;
				GCC_WARN_ABOUT_RETURN_TYPE = YES_ERROR;
				GCC_WARN_UNDECLARED_SELECTOR = YES;
				GCC_WARN_UNINITIALIZED_AUTOS = YES_AGGRESSIVE;
				GCC_WARN_UNUSED_FUNCTION = YES;
				GCC_WARN_UNUSED_VARIABLE = YES;
				MACOSX_DEPLOYMENT_TARGET = 10.13;
				MTL_ENABLE_DEBUG_INFO = YES;
				ONLY_ACTIVE_ARCH = YES;
				SDKROOT = macosx;
			};
			name = Debug;
		};
		D2E6684A211BDC92007C13B9 /* Release */ = {
			isa = XCBuildConfiguration;
			buildSettings = {
				ALWAYS_SEARCH_USER_PATHS = NO;
				CLANG_ANALYZER_NONNULL = YES;
				CLANG_ANALYZER_NUMBER_OBJECT_CONVERSION = YES_AGGRESSIVE;
				CLANG_CXX_LANGUAGE_STANDARD = "gnu++14";
				CLANG_CXX_LIBRARY = "libc++";
				CLANG_ENABLE_MODULES = YES;
				CLANG_ENABLE_OBJC_ARC = YES;
				CLANG_ENABLE_OBJC_WEAK = YES;
				CLANG_WARN_BLOCK_CAPTURE_AUTORELEASING = YES;
				CLANG_WARN_BOOL_CONVERSION = YES;
				CLANG_WARN_COMMA = YES;
				CLANG_WARN_CONSTANT_CONVERSION = YES;
				CLANG_WARN_DEPRECATED_OBJC_IMPLEMENTATIONS = YES;
				CLANG_WARN_DIRECT_OBJC_ISA_USAGE = YES_ERROR;
				CLANG_WARN_DOCUMENTATION_COMMENTS = YES;
				CLANG_WARN_EMPTY_BODY = YES;
				CLANG_WARN_ENUM_CONVERSION = YES;
				CLANG_WARN_INFINITE_RECURSION = YES;
				CLANG_WARN_INT_CONVERSION = YES;
				CLANG_WARN_NON_LITERAL_NULL_CONVERSION = YES;
				CLANG_WARN_OBJC_IMPLICIT_RETAIN_SELF = YES;
				CLANG_WARN_OBJC_LITERAL_CONVERSION = YES;
				CLANG_WARN_OBJC_ROOT_CLASS = YES_ERROR;
				CLANG_WARN_RANGE_LOOP_ANALYSIS = YES;
				CLANG_WARN_STRICT_PROTOTYPES = YES;
				CLANG_WARN_SUSPICIOUS_MOVE = YES;
				CLANG_WARN_UNGUARDED_AVAILABILITY = YES_AGGRESSIVE;
				CLANG_WARN_UNREACHABLE_CODE = YES;
				CLANG_WARN__DUPLICATE_METHOD_MATCH = YES;
				CODE_SIGN_IDENTITY = "-";
				COPY_PHASE_STRIP = NO;
				DEBUG_INFORMATION_FORMAT = "dwarf-with-dsym";
				ENABLE_NS_ASSERTIONS = NO;
				ENABLE_STRICT_OBJC_MSGSEND = YES;
				GCC_C_LANGUAGE_STANDARD = gnu11;
				GCC_NO_COMMON_BLOCKS = YES;
				GCC_WARN_64_TO_32_BIT_CONVERSION = YES;
				GCC_WARN_ABOUT_RETURN_TYPE = YES_ERROR;
				GCC_WARN_UNDECLARED_SELECTOR = YES;
				GCC_WARN_UNINITIALIZED_AUTOS = YES_AGGRESSIVE;
				GCC_WARN_UNUSED_FUNCTION = YES;
				GCC_WARN_UNUSED_VARIABLE = YES;
				MACOSX_DEPLOYMENT_TARGET = 10.13;
				MTL_ENABLE_DEBUG_INFO = NO;
				SDKROOT = macosx;
			};
			name = Release;
		};
		D2E6684C211BDC92007C13B9 /* Debug */ = {
			isa = XCBuildConfiguration;
			buildSettings = {
				CODE_SIGN_STYLE = Automatic;
				PRODUCT_NAME = "$(TARGET_NAME)";
			};
			name = Debug;
		};
		D2E6684D211BDC92007C13B9 /* Release */ = {
			isa = XCBuildConfiguration;
			buildSettings = {
				CODE_SIGN_STYLE = Automatic;
				PRODUCT_NAME = "$(TARGET_NAME)";
			};
			name = Release;
		};
/* End XCBuildConfiguration section */

/* Begin XCConfigurationList section */
		D2E6683F211BDC92007C13B9 /* Build configuration list for PBXProject "DataStructure" */ = {
			isa = XCConfigurationList;
			buildConfigurations = (
				D2E66849211BDC92007C13B9 /* Debug */,
				D2E6684A211BDC92007C13B9 /* Release */,
			);
			defaultConfigurationIsVisible = 0;
			defaultConfigurationName = Release;
		};
		D2E6684B211BDC92007C13B9 /* Build configuration list for PBXNativeTarget "DataStructure" */ = {
			isa = XCConfigurationList;
			buildConfigurations = (
				D2E6684C211BDC92007C13B9 /* Debug */,
				D2E6684D211BDC92007C13B9 /* Release */,
			);
			defaultConfigurationIsVisible = 0;
			defaultConfigurationName = Release;
		};
/* End XCConfigurationList section */
	};
	rootObject = D2E6683C211BDC92007C13B9 /* Project object */;
}
